
Microsoft Visual Studio Solution File, Format Version 12.00
# Visual Studio Version 16
VisualStudioVersion = 16.0.31019.35
MinimumVisualStudioVersion = 10.0.40219.1
Project("{FAE04EC0-301F-11D3-BF4B-00C04F79EFBC}") = "DemoReflection", "DemoReflection.csproj", "{29522C1F-AD27-4D7E-B078-4529ECFDD666}"
EndProject
Global
	GlobalSection(SolutionConfigurationPlatforms) = preSolution
		Debug|Any CPU = Debug|Any CPU
		Release|Any CPU = Release|Any CPU
	EndGlobalSection
	GlobalSection(ProjectConfigurationPlatforms) = postSolution
		{29522C1F-AD27-4D7E-B078-4529ECFDD666}.Debug|Any CPU.ActiveCfg = Debug|Any CPU
		{29522C1F-AD27-4D7E-B078-4529ECFDD666}.Debug|Any CPU.Build.0 = Debug|Any CPU
		{29522C1F-AD27-4D7E-B078-4529ECFDD666}.Release|Any CPU.ActiveCfg = Release|Any CPU
		{29522C1F-AD27-4D7E-B078-4529ECFDD666}.Release|Any CPU.Build.0 = Release|Any CPU
	EndGlobalSection
	GlobalSection(SolutionProperties) = preSolution
		HideSolutionNode = FALSE
	EndGlobalSection
	GlobalSection(ExtensibilityGlobals) = postSolution
		SolutionGuid = {04D359B7-3781-4062-AA0A-07561AFC29AF}
	EndGlobalSection
EndGlobal
